
Microsoft Visual Studio Solution File, Format Version 11.00
# Visual Studio 2010
Project("{FAE04EC0-301F-11D3-BF4B-00C04F79EFBC}") = "ChatProgramInterface", "ChatProgramInterface\ChatProgramInterface.csproj", "{0B9811F4-9700-4474-8F9E-030A198FF898}"
EndProject
Project("{FAE04EC0-301F-11D3-BF4B-00C04F79EFBC}") = "ChatProgramServer", "ChatProgramServer\ChatProgramServer.csproj", "{18C45F50-0BBB-45D0-9F72-913E1B815AB5}"
EndProject
Project("{FAE04EC0-301F-11D3-BF4B-00C04F79EFBC}") = "ChatProgramClient", "ChatProgramClient\ChatProgramClient.csproj", "{D967EA43-6E88-46C5-8D70-C7AA688F6DEA}"
EndProject
Global
	GlobalSection(SolutionConfigurationPlatforms) = preSolution
		Debug|Any CPU = Debug|Any CPU
		Debug|Mixed Platforms = Debug|Mixed Platforms
		Debug|x86 = Debug|x86
		Release|Any CPU = Release|Any CPU
		Release|Mixed Platforms = Release|Mixed Platforms
		Release|x86 = Release|x86
	EndGlobalSection
	GlobalSection(ProjectConfigurationPlatforms) = postSolution
		{0B9811F4-9700-4474-8F9E-030A198FF898}.Debug|Any CPU.ActiveCfg = Debug|Any CPU
		{0B9811F4-9700-4474-8F9E-030A198FF898}.Debug|Any CPU.Build.0 = Debug|Any CPU
		{0B9811F4-9700-4474-8F9E-030A198FF898}.Debug|Mixed Platforms.ActiveCfg = Debug|Any CPU
		{0B9811F4-9700-4474-8F9E-030A198FF898}.Debug|Mixed Platforms.Build.0 = Debug|Any CPU
		{0B9811F4-9700-4474-8F9E-030A198FF898}.Debug|x86.ActiveCfg = Debug|Any CPU
		{0B9811F4-9700-4474-8F9E-030A198FF898}.Release|Any CPU.ActiveCfg = Release|Any CPU
		{0B9811F4-9700-4474-8F9E-030A198FF898}.Release|Any CPU.Build.0 = Release|Any CPU
		{0B9811F4-9700-4474-8F9E-030A198FF898}.Release|Mixed Platforms.ActiveCfg = Release|Any CPU
		{0B9811F4-9700-4474-8F9E-030A198FF898}.Release|Mixed Platforms.Build.0 = Release|Any CPU
		{0B9811F4-9700-4474-8F9E-030A198FF898}.Release|x86.ActiveCfg = Release|Any CPU
		{18C45F50-0BBB-45D0-9F72-913E1B815AB5}.Debug|Any CPU.ActiveCfg = Debug|x86
		{18C45F50-0BBB-45D0-9F72-913E1B815AB5}.Debug|Mixed Platforms.ActiveCfg = Debug|x86
		{18C45F50-0BBB-45D0-9F72-913E1B815AB5}.Debug|Mixed Platforms.Build.0 = Debug|x86
		{18C45F50-0BBB-45D0-9F72-913E1B815AB5}.Debug|x86.ActiveCfg = Debug|x86
		{18C45F50-0BBB-45D0-9F72-913E1B815AB5}.Debug|x86.Build.0 = Debug|x86
		{18C45F50-0BBB-45D0-9F72-913E1B815AB5}.Release|Any CPU.ActiveCfg = Release|x86
		{18C45F50-0BBB-45D0-9F72-913E1B815AB5}.Release|Mixed Platforms.ActiveCfg = Release|x86
		{18C45F50-0BBB-45D0-9F72-913E1B815AB5}.Release|Mixed Platforms.Build.0 = Release|x86
		{18C45F50-0BBB-45D0-9F72-913E1B815AB5}.Release|x86.ActiveCfg = Release|x86
		{18C45F50-0BBB-45D0-9F72-913E1B815AB5}.Release|x86.Build.0 = Release|x86
		{D967EA43-6E88-46C5-8D70-C7AA688F6DEA}.Debug|Any CPU.ActiveCfg = Debug|x86
		{D967EA43-6E88-46C5-8D70-C7AA688F6DEA}.Debug|Mixed Platforms.ActiveCfg = Debug|x86
		{D967EA43-6E88-46C5-8D70-C7AA688F6DEA}.Debug|Mixed Platforms.Build.0 = Debug|x86
		{D967EA43-6E88-46C5-8D70-C7AA688F6DEA}.Debug|x86.ActiveCfg = Debug|x86
		{D967EA43-6E88-46C5-8D70-C7AA688F6DEA}.Debug|x86.Build.0 = Debug|x86
		{D967EA43-6E88-46C5-8D70-C7AA688F6DEA}.Release|Any CPU.ActiveCfg = Release|x86
		{D967EA43-6E88-46C5-8D70-C7AA688F6DEA}.Release|Mixed Platforms.ActiveCfg = Release|x86
		{D967EA43-6E88-46C5-8D70-C7AA688F6DEA}.Release|Mixed Platforms.Build.0 = Release|x86
		{D967EA43-6E88-46C5-8D70-C7AA688F6DEA}.Release|x86.ActiveCfg = Release|x86
		{D967EA43-6E88-46C5-8D70-C7AA688F6DEA}.Release|x86.Build.0 = Release|x86
	EndGlobalSection
	GlobalSection(SolutionProperties) = preSolution
		HideSolutionNode = FALSE
	EndGlobalSection
	GlobalSection(ExtensibilityGlobals) = postSolution
		VisualSVNWorkingCopyRoot = .
	EndGlobalSection
EndGlobal
